
Microsoft Visual Studio Solution File, Format Version 12.00
# Visual Studio Version 16
VisualStudioVersion = 16.0.30002.166
MinimumVisualStudioVersion = 10.0.40219.1
Project("{2150E333-8FDC-42A3-9474-1A3956D46DE8}") = "src", "src", "{2A3D8DDA-9151-46FB-ACD7-D2E274056A59}"
EndProject
Project("{2150E333-8FDC-42A3-9474-1A3956D46DE8}") = "test", "test", "{2B25D090-BF99-4B14-9DE7-1A3810C392B3}"
EndProject
Project("{9A19103F-16F7-4668-BE54-9A1E7A4F7556}") = "FSE.API.Test", "test\FSE.API.Test\FSE.API.Test.csproj", "{88195EA6-97E7-4A03-A13C-A592EC88E60E}"
EndProject
Project("{FAE04EC0-301F-11D3-BF4B-00C04F79EFBC}") = "FSE.API", "src\FSE.API\FSE.API.csproj", "{60B9EC18-8E4D-4C50-9CEC-D23BE2C3172A}"
EndProject
Project("{2150E333-8FDC-42A3-9474-1A3956D46DE8}") = "Solution Items", "Solution Items", "{00745332-3620-4618-BE69-A7DE6E43F821}"
	ProjectSection(SolutionItems) = preProject
		azure-pipelines.yml = azure-pipelines.yml
		runCoverage.cmd = runCoverage.cmd
		runCoverage.sh = runCoverage.sh
		jmeter\jmeter.jmx = jmeter\jmeter.jmx
		jmeter_result\jmeter_result.csv = jmeter_result\jmeter_result.csv
		jmeter_result\Report_html.zip = jmeter_result\Report_html.zip
	EndProjectSection
EndProject
Global
	GlobalSection(SolutionConfigurationPlatforms) = preSolution
		Debug|Any CPU = Debug|Any CPU
		Release|Any CPU = Release|Any CPU
	EndGlobalSection
	GlobalSection(ProjectConfigurationPlatforms) = postSolution
		{88195EA6-97E7-4A03-A13C-A592EC88E60E}.Debug|Any CPU.ActiveCfg = Debug|Any CPU
		{88195EA6-97E7-4A03-A13C-A592EC88E60E}.Debug|Any CPU.Build.0 = Debug|Any CPU
		{88195EA6-97E7-4A03-A13C-A592EC88E60E}.Release|Any CPU.ActiveCfg = Release|Any CPU
		{88195EA6-97E7-4A03-A13C-A592EC88E60E}.Release|Any CPU.Build.0 = Release|Any CPU
		{60B9EC18-8E4D-4C50-9CEC-D23BE2C3172A}.Debug|Any CPU.ActiveCfg = Debug|Any CPU
		{60B9EC18-8E4D-4C50-9CEC-D23BE2C3172A}.Debug|Any CPU.Build.0 = Debug|Any CPU
		{60B9EC18-8E4D-4C50-9CEC-D23BE2C3172A}.Release|Any CPU.ActiveCfg = Release|Any CPU
		{60B9EC18-8E4D-4C50-9CEC-D23BE2C3172A}.Release|Any CPU.Build.0 = Release|Any CPU
	EndGlobalSection
	GlobalSection(SolutionProperties) = preSolution
		HideSolutionNode = FALSE
	EndGlobalSection
	GlobalSection(NestedProjects) = preSolution
		{88195EA6-97E7-4A03-A13C-A592EC88E60E} = {2B25D090-BF99-4B14-9DE7-1A3810C392B3}
		{60B9EC18-8E4D-4C50-9CEC-D23BE2C3172A} = {2A3D8DDA-9151-46FB-ACD7-D2E274056A59}
	EndGlobalSection
	GlobalSection(ExtensibilityGlobals) = postSolution
		SolutionGuid = {66BC930C-F8BD-4107-9522-EEBA681A8CEE}
	EndGlobalSection
EndGlobal
